
Microsoft Visual Studio Solution File, Format Version 12.00
# Visual Studio Version 17
VisualStudioVersion = 17.5.002.0
MinimumVisualStudioVersion = 10.0.40219.1
Project("{2150E333-8FDC-42A3-9474-1A3956D46DE8}") = "Lesson1", "Lesson1", "{B8831014-EACE-445E-BB8B-4EFB86122EF7}"
EndProject
Project("{9A19103F-16F7-4668-BE54-9A1E7A4F7556}") = "Task1", "Lesson1\Task1\Task1.csproj", "{5FC33B4B-D031-4219-8AE4-4CE04F41CF03}"
EndProject
Global
	GlobalSection(SolutionConfigurationPlatforms) = preSolution
		Debug|Any CPU = Debug|Any CPU
		Release|Any CPU = Release|Any CPU
	EndGlobalSection
	GlobalSection(ProjectConfigurationPlatforms) = postSolution
		{5FC33B4B-D031-4219-8AE4-4CE04F41CF03}.Debug|Any CPU.ActiveCfg = Debug|Any CPU
		{5FC33B4B-D031-4219-8AE4-4CE04F41CF03}.Debug|Any CPU.Build.0 = Debug|Any CPU
		{5FC33B4B-D031-4219-8AE4-4CE04F41CF03}.Release|Any CPU.ActiveCfg = Release|Any CPU
		{5FC33B4B-D031-4219-8AE4-4CE04F41CF03}.Release|Any CPU.Build.0 = Release|Any CPU
	EndGlobalSection
	GlobalSection(SolutionProperties) = preSolution
		HideSolutionNode = FALSE
	EndGlobalSection
	GlobalSection(NestedProjects) = preSolution
		{5FC33B4B-D031-4219-8AE4-4CE04F41CF03} = {B8831014-EACE-445E-BB8B-4EFB86122EF7}
	EndGlobalSection
	GlobalSection(ExtensibilityGlobals) = postSolution
		SolutionGuid = {51E73246-E4AB-4FD6-BF79-3FD5502CD49E}
	EndGlobalSection
EndGlobal
